
Microsoft Visual Studio Solution File, Format Version 12.00
# Visual Studio Version 17
VisualStudioVersion = 17.10.34916.146
MinimumVisualStudioVersion = 10.0.40219.1
Project("{FAE04EC0-301F-11D3-BF4B-00C04F79EFBC}") = "WinFormsApp1", "WinFormsApp1.csproj", "{2575BDEB-F7A3-4A08-A750-408FABF8D5ED}"
EndProject
Project("{FAE04EC0-301F-11D3-BF4B-00C04F79EFBC}") = "Client1", "..\ConsoleApp1\Client1.csproj", "{07037287-78D3-442C-B661-C3C95667472E}"
EndProject
Project("{FAE04EC0-301F-11D3-BF4B-00C04F79EFBC}") = "Client2", "..\Client2\Client2.csproj", "{7F135F1D-1B74-405E-B865-21DA6C0C6817}"
EndProject
Global
	GlobalSection(SolutionConfigurationPlatforms) = preSolution
		Debug|Any CPU = Debug|Any CPU
		Release|Any CPU = Release|Any CPU
	EndGlobalSection
	GlobalSection(ProjectConfigurationPlatforms) = postSolution
		{2575BDEB-F7A3-4A08-A750-408FABF8D5ED}.Debug|Any CPU.ActiveCfg = Debug|Any CPU
		{2575BDEB-F7A3-4A08-A750-408FABF8D5ED}.Debug|Any CPU.Build.0 = Debug|Any CPU
		{2575BDEB-F7A3-4A08-A750-408FABF8D5ED}.Release|Any CPU.ActiveCfg = Release|Any CPU
		{2575BDEB-F7A3-4A08-A750-408FABF8D5ED}.Release|Any CPU.Build.0 = Release|Any CPU
		{07037287-78D3-442C-B661-C3C95667472E}.Debug|Any CPU.ActiveCfg = Debug|Any CPU
		{07037287-78D3-442C-B661-C3C95667472E}.Debug|Any CPU.Build.0 = Debug|Any CPU
		{07037287-78D3-442C-B661-C3C95667472E}.Release|Any CPU.ActiveCfg = Release|Any CPU
		{07037287-78D3-442C-B661-C3C95667472E}.Release|Any CPU.Build.0 = Release|Any CPU
		{7F135F1D-1B74-405E-B865-21DA6C0C6817}.Debug|Any CPU.ActiveCfg = Debug|Any CPU
		{7F135F1D-1B74-405E-B865-21DA6C0C6817}.Debug|Any CPU.Build.0 = Debug|Any CPU
		{7F135F1D-1B74-405E-B865-21DA6C0C6817}.Release|Any CPU.ActiveCfg = Release|Any CPU
		{7F135F1D-1B74-405E-B865-21DA6C0C6817}.Release|Any CPU.Build.0 = Release|Any CPU
	EndGlobalSection
	GlobalSection(SolutionProperties) = preSolution
		HideSolutionNode = FALSE
	EndGlobalSection
	GlobalSection(ExtensibilityGlobals) = postSolution
		SolutionGuid = {4F8CDA20-1FF8-49D1-B447-B80DDE662314}
	EndGlobalSection
EndGlobal
